// !$*UTF8*$!
{
	archiveVersion = 1;
	classes = {
	};
	objectVersion = 50;
	objects = {

/* Begin PBXBuildFile section */
		32EAEA02631086F73D6E2967 /* Pods_ProjectStash.framework in Frameworks */ = {isa = PBXBuildFile; fileRef = 30CD6CF314B2439529B0A420 /* Pods_ProjectStash.framework */; };
		4D27424C2113CBE500314F7E /* Investor+CoreDataClass.swift in Sources */ = {isa = PBXBuildFile; fileRef = 4D27424A2113CBE500314F7E /* Investor+CoreDataClass.swift */; };
		4D27424D2113CBE500314F7E /* Investor+CoreDataProperties.swift in Sources */ = {isa = PBXBuildFile; fileRef = 4D27424B2113CBE500314F7E /* Investor+CoreDataProperties.swift */; };
		4D27424F2114397A00314F7E /* UIImageViewWithMask.swift in Sources */ = {isa = PBXBuildFile; fileRef = 4D27424E2114397A00314F7E /* UIImageViewWithMask.swift */; };
		4D3798D92109173400A6B1B6 /* AppDelegate.swift in Sources */ = {isa = PBXBuildFile; fileRef = 4D3798D82109173400A6B1B6 /* AppDelegate.swift */; };
		4D3798DE2109173400A6B1B6 /* Main.storyboard in Resources */ = {isa = PBXBuildFile; fileRef = 4D3798DC2109173400A6B1B6 /* Main.storyboard */; };
		4D3798E12109173400A6B1B6 /* ProjectStash.xcdatamodeld in Sources */ = {isa = PBXBuildFile; fileRef = 4D3798DF2109173400A6B1B6 /* ProjectStash.xcdatamodeld */; };
		4D3798E32109173700A6B1B6 /* Assets.xcassets in Resources */ = {isa = PBXBuildFile; fileRef = 4D3798E22109173700A6B1B6 /* Assets.xcassets */; };
		4D3798E62109173700A6B1B6 /* LaunchScreen.storyboard in Resources */ = {isa = PBXBuildFile; fileRef = 4D3798E42109173700A6B1B6 /* LaunchScreen.storyboard */; };
		4D3798F12109173700A6B1B6 /* ProjectStashTests.swift in Sources */ = {isa = PBXBuildFile; fileRef = 4D3798F02109173700A6B1B6 /* ProjectStashTests.swift */; };
		4D3798FD21091C9900A6B1B6 /* CoreDataStack.swift in Sources */ = {isa = PBXBuildFile; fileRef = 4D3798FC21091C9900A6B1B6 /* CoreDataStack.swift */; };
		4D37990521093DD600A6B1B6 /* AchievementsPresenter.swift in Sources */ = {isa = PBXBuildFile; fileRef = 4D3798FF21093DD600A6B1B6 /* AchievementsPresenter.swift */; };
		4D37990621093DD600A6B1B6 /* AchievementsRouter.swift in Sources */ = {isa = PBXBuildFile; fileRef = 4D37990021093DD600A6B1B6 /* AchievementsRouter.swift */; };
		4D37990721093DD600A6B1B6 /* AchievementsViewController.swift in Sources */ = {isa = PBXBuildFile; fileRef = 4D37990121093DD600A6B1B6 /* AchievementsViewController.swift */; };
		4D37990821093DD600A6B1B6 /* AchievementsProtocols.swift in Sources */ = {isa = PBXBuildFile; fileRef = 4D37990221093DD600A6B1B6 /* AchievementsProtocols.swift */; };
		4D37990921093DD600A6B1B6 /* AchievementsInteractor.swift in Sources */ = {isa = PBXBuildFile; fileRef = 4D37990321093DD600A6B1B6 /* AchievementsInteractor.swift */; };
		4D37991C210A976E00A6B1B6 /* InvestorModeI.swift in Sources */ = {isa = PBXBuildFile; fileRef = 4D37991B210A976E00A6B1B6 /* InvestorModeI.swift */; };
		4D379923210BABE700A6B1B6 /* DataManager.swift in Sources */ = {isa = PBXBuildFile; fileRef = 4D379922210BABE700A6B1B6 /* DataManager.swift */; };
		4D37992D210F92C600A6B1B6 /* AchievementsTableViewCell.swift in Sources */ = {isa = PBXBuildFile; fileRef = 4D37992C210F92C600A6B1B6 /* AchievementsTableViewCell.swift */; };
		4D379963211140BE00A6B1B6 /* achievements.json in Resources */ = {isa = PBXBuildFile; fileRef = 4D379962211140BE00A6B1B6 /* achievements.json */; };
		4D379964211140BE00A6B1B6 /* achievements.json in Resources */ = {isa = PBXBuildFile; fileRef = 4D379962211140BE00A6B1B6 /* achievements.json */; };
		4D3799662112286800A6B1B6 /* JSONCall.swift in Sources */ = {isa = PBXBuildFile; fileRef = 4D3799652112286800A6B1B6 /* JSONCall.swift */; };
		AB0951FA7CCF6F76FC00F850 /* Pods_ProjectStashTests.framework in Frameworks */ = {isa = PBXBuildFile; fileRef = 31BFC4B23440B8BCFA5207A9 /* Pods_ProjectStashTests.framework */; };
/* End PBXBuildFile section */

/* Begin PBXContainerItemProxy section */
		4D3798ED2109173700A6B1B6 /* PBXContainerItemProxy */ = {
			isa = PBXContainerItemProxy;
			containerPortal = 4D3798CD2109173400A6B1B6 /* Project object */;
			proxyType = 1;
			remoteGlobalIDString = 4D3798D42109173400A6B1B6;
			remoteInfo = ProjectStash;
		};
/* End PBXContainerItemProxy section */

/* Begin PBXFileReference section */
		30CD6CF314B2439529B0A420 /* Pods_ProjectStash.framework */ = {isa = PBXFileReference; explicitFileType = wrapper.framework; includeInIndex = 0; path = Pods_ProjectStash.framework; sourceTree = BUILT_PRODUCTS_DIR; };
		31BFC4B23440B8BCFA5207A9 /* Pods_ProjectStashTests.framework */ = {isa = PBXFileReference; explicitFileType = wrapper.framework; includeInIndex = 0; path = Pods_ProjectStashTests.framework; sourceTree = BUILT_PRODUCTS_DIR; };
		3201D2B6EE041B4FC6FD97E8 /* Pods-ProjectStashTests.release.xcconfig */ = {isa = PBXFileReference; includeInIndex = 1; lastKnownFileType = text.xcconfig; name = "Pods-ProjectStashTests.release.xcconfig"; path = "Pods/Target Support Files/Pods-ProjectStashTests/Pods-ProjectStashTests.release.xcconfig"; sourceTree = "<group>"; };
		4D2742492113C74500314F7E /* ProjectStash 3.xcdatamodel */ = {isa = PBXFileReference; lastKnownFileType = wrapper.xcdatamodel; path = "ProjectStash 3.xcdatamodel"; sourceTree = "<group>"; };
		4D27424A2113CBE500314F7E /* Investor+CoreDataClass.swift */ = {isa = PBXFileReference; lastKnownFileType = sourcecode.swift; name = "Investor+CoreDataClass.swift"; path = "/Users/Nocturne/Desktop/ProjectStash/ProjectStash/Achievements/Entities/Investor+CoreDataClass.swift"; sourceTree = "<absolute>"; };
		4D27424B2113CBE500314F7E /* Investor+CoreDataProperties.swift */ = {isa = PBXFileReference; lastKnownFileType = sourcecode.swift; name = "Investor+CoreDataProperties.swift"; path = "/Users/Nocturne/Desktop/ProjectStash/ProjectStash/Achievements/Entities/Investor+CoreDataProperties.swift"; sourceTree = "<absolute>"; };
		4D27424E2114397A00314F7E /* UIImageViewWithMask.swift */ = {isa = PBXFileReference; lastKnownFileType = sourcecode.swift; path = UIImageViewWithMask.swift; sourceTree = "<group>"; wrapsLines = 0; };
		4D3798D52109173400A6B1B6 /* ProjectStash.app */ = {isa = PBXFileReference; explicitFileType = wrapper.application; includeInIndex = 0; path = ProjectStash.app; sourceTree = BUILT_PRODUCTS_DIR; };
		4D3798D82109173400A6B1B6 /* AppDelegate.swift */ = {isa = PBXFileReference; lastKnownFileType = sourcecode.swift; path = AppDelegate.swift; sourceTree = "<group>"; };
		4D3798DD2109173400A6B1B6 /* Base */ = {isa = PBXFileReference; lastKnownFileType = file.storyboard; name = Base; path = Base.lproj/Main.storyboard; sourceTree = "<group>"; };
		4D3798E02109173400A6B1B6 /* ProjectStash.xcdatamodel */ = {isa = PBXFileReference; lastKnownFileType = wrapper.xcdatamodel; path = ProjectStash.xcdatamodel; sourceTree = "<group>"; };
		4D3798E22109173700A6B1B6 /* Assets.xcassets */ = {isa = PBXFileReference; lastKnownFileType = folder.assetcatalog; path = Assets.xcassets; sourceTree = "<group>"; };
		4D3798E52109173700A6B1B6 /* Base */ = {isa = PBXFileReference; lastKnownFileType = file.storyboard; name = Base; path = Base.lproj/LaunchScreen.storyboard; sourceTree = "<group>"; };
		4D3798E72109173700A6B1B6 /* Info.plist */ = {isa = PBXFileReference; lastKnownFileType = text.plist.xml; path = Info.plist; sourceTree = "<group>"; };
		4D3798EC2109173700A6B1B6 /* ProjectStashTests.xctest */ = {isa = PBXFileReference; explicitFileType = wrapper.cfbundle; includeInIndex = 0; path = ProjectStashTests.xctest; sourceTree = BUILT_PRODUCTS_DIR; };
		4D3798F02109173700A6B1B6 /* ProjectStashTests.swift */ = {isa = PBXFileReference; lastKnownFileType = sourcecode.swift; path = ProjectStashTests.swift; sourceTree = "<group>"; };
		4D3798F22109173700A6B1B6 /* Info.plist */ = {isa = PBXFileReference; lastKnownFileType = text.plist.xml; path = Info.plist; sourceTree = "<group>"; };
		4D3798FC21091C9900A6B1B6 /* CoreDataStack.swift */ = {isa = PBXFileReference; lastKnownFileType = sourcecode.swift; path = CoreDataStack.swift; sourceTree = "<group>"; };
		4D3798FF21093DD600A6B1B6 /* AchievementsPresenter.swift */ = {isa = PBXFileReference; lastKnownFileType = sourcecode.swift; path = AchievementsPresenter.swift; sourceTree = "<group>"; };
		4D37990021093DD600A6B1B6 /* AchievementsRouter.swift */ = {isa = PBXFileReference; lastKnownFileType = sourcecode.swift; path = AchievementsRouter.swift; sourceTree = "<group>"; };
		4D37990121093DD600A6B1B6 /* AchievementsViewController.swift */ = {isa = PBXFileReference; lastKnownFileType = sourcecode.swift; path = AchievementsViewController.swift; sourceTree = "<group>"; };
		4D37990221093DD600A6B1B6 /* AchievementsProtocols.swift */ = {isa = PBXFileReference; lastKnownFileType = sourcecode.swift; path = AchievementsProtocols.swift; sourceTree = "<group>"; };
		4D37990321093DD600A6B1B6 /* AchievementsInteractor.swift */ = {isa = PBXFileReference; lastKnownFileType = sourcecode.swift; path = AchievementsInteractor.swift; sourceTree = "<group>"; };
		4D37991B210A976E00A6B1B6 /* InvestorModeI.swift */ = {isa = PBXFileReference; lastKnownFileType = sourcecode.swift; path = InvestorModeI.swift; sourceTree = "<group>"; };
		4D379922210BABE700A6B1B6 /* DataManager.swift */ = {isa = PBXFileReference; lastKnownFileType = sourcecode.swift; path = DataManager.swift; sourceTree = "<group>"; };
		4D37992C210F92C600A6B1B6 /* AchievementsTableViewCell.swift */ = {isa = PBXFileReference; lastKnownFileType = sourcecode.swift; path = AchievementsTableViewCell.swift; sourceTree = "<group>"; };
		4D379962211140BE00A6B1B6 /* achievements.json */ = {isa = PBXFileReference; fileEncoding = 4; lastKnownFileType = text.json; path = achievements.json; sourceTree = "<group>"; };
		4D3799652112286800A6B1B6 /* JSONCall.swift */ = {isa = PBXFileReference; lastKnownFileType = sourcecode.swift; path = JSONCall.swift; sourceTree = "<group>"; };
		4D37996F2112433F00A6B1B6 /* ProjectStash 2.xcdatamodel */ = {isa = PBXFileReference; lastKnownFileType = wrapper.xcdatamodel; path = "ProjectStash 2.xcdatamodel"; sourceTree = "<group>"; };
		A48D96BBAD125519FA6790BB /* Pods-ProjectStash.release.xcconfig */ = {isa = PBXFileReference; includeInIndex = 1; lastKnownFileType = text.xcconfig; name = "Pods-ProjectStash.release.xcconfig"; path = "Pods/Target Support Files/Pods-ProjectStash/Pods-ProjectStash.release.xcconfig"; sourceTree = "<group>"; };
		B518DAC93D8806316C6156B0 /* Pods-ProjectStashTests.debug.xcconfig */ = {isa = PBXFileReference; includeInIndex = 1; lastKnownFileType = text.xcconfig; name = "Pods-ProjectStashTests.debug.xcconfig"; path = "Pods/Target Support Files/Pods-ProjectStashTests/Pods-ProjectStashTests.debug.xcconfig"; sourceTree = "<group>"; };
		C8F9B062A8C506EFF17867B8 /* Pods-ProjectStash.debug.xcconfig */ = {isa = PBXFileReference; includeInIndex = 1; lastKnownFileType = text.xcconfig; name = "Pods-ProjectStash.debug.xcconfig"; path = "Pods/Target Support Files/Pods-ProjectStash/Pods-ProjectStash.debug.xcconfig"; sourceTree = "<group>"; };
/* End PBXFileReference section */

/* Begin PBXFrameworksBuildPhase section */
		4D3798D22109173400A6B1B6 /* Frameworks */ = {
			isa = PBXFrameworksBuildPhase;
			buildActionMask = 2147483647;
			files = (
				32EAEA02631086F73D6E2967 /* Pods_ProjectStash.framework in Frameworks */,
			);
			runOnlyForDeploymentPostprocessing = 0;
		};
		4D3798E92109173700A6B1B6 /* Frameworks */ = {
			isa = PBXFrameworksBuildPhase;
			buildActionMask = 2147483647;
			files = (
				AB0951FA7CCF6F76FC00F850 /* Pods_ProjectStashTests.framework in Frameworks */,
			);
			runOnlyForDeploymentPostprocessing = 0;
		};
/* End PBXFrameworksBuildPhase section */

/* Begin PBXGroup section */
		4D3798CC2109173400A6B1B6 = {
			isa = PBXGroup;
			children = (
				4D3798D72109173400A6B1B6 /* ProjectStash */,
				4D3798EF2109173700A6B1B6 /* ProjectStashTests */,
				4D3798D62109173400A6B1B6 /* Products */,
				7A1D3853253EFC590F6E4917 /* Pods */,
				975B2E7250FD29B043B9CC35 /* Frameworks */,
			);
			sourceTree = "<group>";
		};
		4D3798D62109173400A6B1B6 /* Products */ = {
			isa = PBXGroup;
			children = (
				4D3798D52109173400A6B1B6 /* ProjectStash.app */,
				4D3798EC2109173700A6B1B6 /* ProjectStashTests.xctest */,
			);
			name = Products;
			sourceTree = "<group>";
		};
		4D3798D72109173400A6B1B6 /* ProjectStash */ = {
			isa = PBXGroup;
			children = (
				4D379962211140BE00A6B1B6 /* achievements.json */,
				4D37990B21093E6B00A6B1B6 /* Achievements */,
				4D3798FB21091C7400A6B1B6 /* Tools */,
				4D3798D82109173400A6B1B6 /* AppDelegate.swift */,
				4D3798DC2109173400A6B1B6 /* Main.storyboard */,
				4D3798E22109173700A6B1B6 /* Assets.xcassets */,
				4D3798E42109173700A6B1B6 /* LaunchScreen.storyboard */,
				4D3798E72109173700A6B1B6 /* Info.plist */,
				4D3798DF2109173400A6B1B6 /* ProjectStash.xcdatamodeld */,
			);
			path = ProjectStash;
			sourceTree = "<group>";
		};
		4D3798EF2109173700A6B1B6 /* ProjectStashTests */ = {
			isa = PBXGroup;
			children = (
				4D3798F02109173700A6B1B6 /* ProjectStashTests.swift */,
				4D3798F22109173700A6B1B6 /* Info.plist */,
			);
			path = ProjectStashTests;
			sourceTree = "<group>";
		};
		4D3798FB21091C7400A6B1B6 /* Tools */ = {
			isa = PBXGroup;
			children = (
				4D3798FC21091C9900A6B1B6 /* CoreDataStack.swift */,
			);
			path = Tools;
			sourceTree = "<group>";
		};
		4D3798FE2109233500A6B1B6 /* Entities */ = {
			isa = PBXGroup;
			children = (
				4D27424A2113CBE500314F7E /* Investor+CoreDataClass.swift */,
				4D27424B2113CBE500314F7E /* Investor+CoreDataProperties.swift */,
				4D37991B210A976E00A6B1B6 /* InvestorModeI.swift */,
			);
			path = Entities;
			sourceTree = "<group>";
		};
		4D37990B21093E6B00A6B1B6 /* Achievements */ = {
			isa = PBXGroup;
			children = (
				4D37990221093DD600A6B1B6 /* AchievementsProtocols.swift */,
				4D379921210BABD800A6B1B6 /* DAO */,
				4D37990F21093EBB00A6B1B6 /* View */,
				4D37990E21093E8F00A6B1B6 /* Interactor */,
				4D37990C21093E7700A6B1B6 /* Presenter */,
				4D3798FE2109233500A6B1B6 /* Entities */,
				4D37990D21093E8200A6B1B6 /* Router */,
			);
			path = Achievements;
			sourceTree = "<group>";
		};
		4D37990C21093E7700A6B1B6 /* Presenter */ = {
			isa = PBXGroup;
			children = (
				4D3798FF21093DD600A6B1B6 /* AchievementsPresenter.swift */,
			);
			path = Presenter;
			sourceTree = "<group>";
		};
		4D37990D21093E8200A6B1B6 /* Router */ = {
			isa = PBXGroup;
			children = (
				4D37990021093DD600A6B1B6 /* AchievementsRouter.swift */,
			);
			path = Router;
			sourceTree = "<group>";
		};
		4D37990E21093E8F00A6B1B6 /* Interactor */ = {
			isa = PBXGroup;
			children = (
				4D37990321093DD600A6B1B6 /* AchievementsInteractor.swift */,
			);
			path = Interactor;
			sourceTree = "<group>";
		};
		4D37990F21093EBB00A6B1B6 /* View */ = {
			isa = PBXGroup;
			children = (
				4D37990121093DD600A6B1B6 /* AchievementsViewController.swift */,
				4D37992C210F92C600A6B1B6 /* AchievementsTableViewCell.swift */,
				4D27424E2114397A00314F7E /* UIImageViewWithMask.swift */,
			);
			path = View;
			sourceTree = "<group>";
		};
		4D379921210BABD800A6B1B6 /* DAO */ = {
			isa = PBXGroup;
			children = (
				4D379922210BABE700A6B1B6 /* DataManager.swift */,
				4D3799652112286800A6B1B6 /* JSONCall.swift */,
			);
			path = DAO;
			sourceTree = "<group>";
		};
		7A1D3853253EFC590F6E4917 /* Pods */ = {
			isa = PBXGroup;
			children = (
				C8F9B062A8C506EFF17867B8 /* Pods-ProjectStash.debug.xcconfig */,
				A48D96BBAD125519FA6790BB /* Pods-ProjectStash.release.xcconfig */,
				B518DAC93D8806316C6156B0 /* Pods-ProjectStashTests.debug.xcconfig */,
				3201D2B6EE041B4FC6FD97E8 /* Pods-ProjectStashTests.release.xcconfig */,
			);
			name = Pods;
			sourceTree = "<group>";
		};
		975B2E7250FD29B043B9CC35 /* Frameworks */ = {
			isa = PBXGroup;
			children = (
				30CD6CF314B2439529B0A420 /* Pods_ProjectStash.framework */,
				31BFC4B23440B8BCFA5207A9 /* Pods_ProjectStashTests.framework */,
			);
			name = Frameworks;
			sourceTree = "<group>";
		};
/* End PBXGroup section */

/* Begin PBXNativeTarget section */
		4D3798D42109173400A6B1B6 /* ProjectStash */ = {
			isa = PBXNativeTarget;
			buildConfigurationList = 4D3798F52109173700A6B1B6 /* Build configuration list for PBXNativeTarget "ProjectStash" */;
			buildPhases = (
				AE93A2F7FBDF31299D68A04D /* [CP] Check Pods Manifest.lock */,
				4D3798D12109173400A6B1B6 /* Sources */,
				4D3798D22109173400A6B1B6 /* Frameworks */,
				4D3798D32109173400A6B1B6 /* Resources */,
				CFB0740D194678985869C018 /* [CP] Embed Pods Frameworks */,
			);
			buildRules = (
			);
			dependencies = (
			);
			name = ProjectStash;
			productName = ProjectStash;
			productReference = 4D3798D52109173400A6B1B6 /* ProjectStash.app */;
			productType = "com.apple.product-type.application";
		};
		4D3798EB2109173700A6B1B6 /* ProjectStashTests */ = {
			isa = PBXNativeTarget;
			buildConfigurationList = 4D3798F82109173700A6B1B6 /* Build configuration list for PBXNativeTarget "ProjectStashTests" */;
			buildPhases = (
				6DB51D1C48B197109A4C3382 /* [CP] Check Pods Manifest.lock */,
				4D3798E82109173700A6B1B6 /* Sources */,
				4D3798E92109173700A6B1B6 /* Frameworks */,
				4D3798EA2109173700A6B1B6 /* Resources */,
				940E7CA293F9C57060767B2A /* [CP] Embed Pods Frameworks */,
			);
			buildRules = (
			);
			dependencies = (
				4D3798EE2109173700A6B1B6 /* PBXTargetDependency */,
			);
			name = ProjectStashTests;
			productName = ProjectStashTests;
			productReference = 4D3798EC2109173700A6B1B6 /* ProjectStashTests.xctest */;
			productType = "com.apple.product-type.bundle.unit-test";
		};
/* End PBXNativeTarget section */

/* Begin PBXProject section */
		4D3798CD2109173400A6B1B6 /* Project object */ = {
			isa = PBXProject;
			attributes = {
				LastSwiftUpdateCheck = 0940;
				LastUpgradeCheck = 0940;
				ORGANIZATIONNAME = "Julio Reyes";
				TargetAttributes = {
					4D3798D42109173400A6B1B6 = {
						CreatedOnToolsVersion = 9.4.1;
					};
					4D3798EB2109173700A6B1B6 = {
						CreatedOnToolsVersion = 9.4.1;
						TestTargetID = 4D3798D42109173400A6B1B6;
					};
				};
			};
			buildConfigurationList = 4D3798D02109173400A6B1B6 /* Build configuration list for PBXProject "ProjectStash" */;
			compatibilityVersion = "Xcode 9.3";
			developmentRegion = en;
			hasScannedForEncodings = 0;
			knownRegions = (
				en,
				Base,
			);
			mainGroup = 4D3798CC2109173400A6B1B6;
			productRefGroup = 4D3798D62109173400A6B1B6 /* Products */;
			projectDirPath = "";
			projectRoot = "";
			targets = (
				4D3798D42109173400A6B1B6 /* ProjectStash */,
				4D3798EB2109173700A6B1B6 /* ProjectStashTests */,
			);
		};
/* End PBXProject section */

/* Begin PBXResourcesBuildPhase section */
		4D3798D32109173400A6B1B6 /* Resources */ = {
			isa = PBXResourcesBuildPhase;
			buildActionMask = 2147483647;
			files = (
				4D3798E62109173700A6B1B6 /* LaunchScreen.storyboard in Resources */,
				4D379963211140BE00A6B1B6 /* achievements.json in Resources */,
				4D3798E32109173700A6B1B6 /* Assets.xcassets in Resources */,
				4D3798DE2109173400A6B1B6 /* Main.storyboard in Resources */,
			);
			runOnlyForDeploymentPostprocessing = 0;
		};
		4D3798EA2109173700A6B1B6 /* Resources */ = {
			isa = PBXResourcesBuildPhase;
			buildActionMask = 2147483647;
			files = (
				4D379964211140BE00A6B1B6 /* achievements.json in Resources */,
			);
			runOnlyForDeploymentPostprocessing = 0;
		};
/* End PBXResourcesBuildPhase section */

/* Begin PBXShellScriptBuildPhase section */
		6DB51D1C48B197109A4C3382 /* [CP] Check Pods Manifest.lock */ = {
			isa = PBXShellScriptBuildPhase;
			buildActionMask = 2147483647;
			files = (
			);
			inputPaths = (
				"${PODS_PODFILE_DIR_PATH}/Podfile.lock",
				"${PODS_ROOT}/Manifest.lock",
			);
			name = "[CP] Check Pods Manifest.lock";
			outputPaths = (
				"$(DERIVED_FILE_DIR)/Pods-ProjectStashTests-checkManifestLockResult.txt",
			);
			runOnlyForDeploymentPostprocessing = 0;
			shellPath = /bin/sh;
			shellScript = "diff \"${PODS_PODFILE_DIR_PATH}/Podfile.lock\" \"${PODS_ROOT}/Manifest.lock\" > /dev/null\nif [ $? != 0 ] ; then\n    # print error to STDERR\n    echo \"error: The sandbox is not in sync with the Podfile.lock. Run 'pod install' or update your CocoaPods installation.\" >&2\n    exit 1\nfi\n# This output is used by Xcode 'outputs' to avoid re-running this script phase.\necho \"SUCCESS\" > \"${SCRIPT_OUTPUT_FILE_0}\"\n";
			showEnvVarsInLog = 0;
		};
		940E7CA293F9C57060767B2A /* [CP] Embed Pods Frameworks */ = {
			isa = PBXShellScriptBuildPhase;
			buildActionMask = 2147483647;
			files = (
			);
			inputPaths = (
				"${SRCROOT}/Pods/Target Support Files/Pods-ProjectStashTests/Pods-ProjectStashTests-frameworks.sh",
				"${BUILT_PRODUCTS_DIR}/Alamofire/Alamofire.framework",
				"${BUILT_PRODUCTS_DIR}/AlamofireImage/AlamofireImage.framework",
			);
			name = "[CP] Embed Pods Frameworks";
			outputPaths = (
				"${TARGET_BUILD_DIR}/${FRAMEWORKS_FOLDER_PATH}/Alamofire.framework",
				"${TARGET_BUILD_DIR}/${FRAMEWORKS_FOLDER_PATH}/AlamofireImage.framework",
			);
			runOnlyForDeploymentPostprocessing = 0;
			shellPath = /bin/sh;
			shellScript = "\"${SRCROOT}/Pods/Target Support Files/Pods-ProjectStashTests/Pods-ProjectStashTests-frameworks.sh\"\n";
			showEnvVarsInLog = 0;
		};
		AE93A2F7FBDF31299D68A04D /* [CP] Check Pods Manifest.lock */ = {
			isa = PBXShellScriptBuildPhase;
			buildActionMask = 2147483647;
			files = (
			);
			inputPaths = (
				"${PODS_PODFILE_DIR_PATH}/Podfile.lock",
				"${PODS_ROOT}/Manifest.lock",
			);
			name = "[CP] Check Pods Manifest.lock";
			outputPaths = (
				"$(DERIVED_FILE_DIR)/Pods-ProjectStash-checkManifestLockResult.txt",
			);
			runOnlyForDeploymentPostprocessing = 0;
			shellPath = /bin/sh;
			shellScript = "diff \"${PODS_PODFILE_DIR_PATH}/Podfile.lock\" \"${PODS_ROOT}/Manifest.lock\" > /dev/null\nif [ $? != 0 ] ; then\n    # print error to STDERR\n    echo \"error: The sandbox is not in sync with the Podfile.lock. Run 'pod install' or update your CocoaPods installation.\" >&2\n    exit 1\nfi\n# This output is used by Xcode 'outputs' to avoid re-running this script phase.\necho \"SUCCESS\" > \"${SCRIPT_OUTPUT_FILE_0}\"\n";
			showEnvVarsInLog = 0;
		};
		CFB0740D194678985869C018 /* [CP] Embed Pods Frameworks */ = {
			isa = PBXShellScriptBuildPhase;
			buildActionMask = 2147483647;
			files = (
			);
			inputPaths = (
				"${SRCROOT}/Pods/Target Support Files/Pods-ProjectStash/Pods-ProjectStash-frameworks.sh",
				"${BUILT_PRODUCTS_DIR}/Alamofire/Alamofire.framework",
				"${BUILT_PRODUCTS_DIR}/AlamofireImage/AlamofireImage.framework",
			);
			name = "[CP] Embed Pods Frameworks";
			outputPaths = (
				"${TARGET_BUILD_DIR}/${FRAMEWORKS_FOLDER_PATH}/Alamofire.framework",
				"${TARGET_BUILD_DIR}/${FRAMEWORKS_FOLDER_PATH}/AlamofireImage.framework",
			);
			runOnlyForDeploymentPostprocessing = 0;
			shellPath = /bin/sh;
			shellScript = "\"${SRCROOT}/Pods/Target Support Files/Pods-ProjectStash/Pods-ProjectStash-frameworks.sh\"\n";
			showEnvVarsInLog = 0;
		};
/* End PBXShellScriptBuildPhase section */

/* Begin PBXSourcesBuildPhase section */
		4D3798D12109173400A6B1B6 /* Sources */ = {
			isa = PBXSourcesBuildPhase;
			buildActionMask = 2147483647;
			files = (
				4D27424F2114397A00314F7E /* UIImageViewWithMask.swift in Sources */,
				4D37990921093DD600A6B1B6 /* AchievementsInteractor.swift in Sources */,
				4D37990621093DD600A6B1B6 /* AchievementsRouter.swift in Sources */,
				4D3798E12109173400A6B1B6 /* ProjectStash.xcdatamodeld in Sources */,
				4D27424C2113CBE500314F7E /* Investor+CoreDataClass.swift in Sources */,
				4D3798D92109173400A6B1B6 /* AppDelegate.swift in Sources */,
				4D37990521093DD600A6B1B6 /* AchievementsPresenter.swift in Sources */,
				4D37990721093DD600A6B1B6 /* AchievementsViewController.swift in Sources */,
				4D37991C210A976E00A6B1B6 /* InvestorModeI.swift in Sources */,
				4D3798FD21091C9900A6B1B6 /* CoreDataStack.swift in Sources */,
				4D27424D2113CBE500314F7E /* Investor+CoreDataProperties.swift in Sources */,
				4D37992D210F92C600A6B1B6 /* AchievementsTableViewCell.swift in Sources */,
				4D3799662112286800A6B1B6 /* JSONCall.swift in Sources */,
				4D379923210BABE700A6B1B6 /* DataManager.swift in Sources */,
				4D37990821093DD600A6B1B6 /* AchievementsProtocols.swift in Sources */,
			);
			runOnlyForDeploymentPostprocessing = 0;
		};
		4D3798E82109173700A6B1B6 /* Sources */ = {
			isa = PBXSourcesBuildPhase;
			buildActionMask = 2147483647;
			files = (
				4D3798F12109173700A6B1B6 /* ProjectStashTests.swift in Sources */,
			);
			runOnlyForDeploymentPostprocessing = 0;
		};
/* End PBXSourcesBuildPhase section */

/* Begin PBXTargetDependency section */
		4D3798EE2109173700A6B1B6 /* PBXTargetDependency */ = {
			isa = PBXTargetDependency;
			target = 4D3798D42109173400A6B1B6 /* ProjectStash */;
			targetProxy = 4D3798ED2109173700A6B1B6 /* PBXContainerItemProxy */;
		};
/* End PBXTargetDependency section */

/* Begin PBXVariantGroup section */
		4D3798DC2109173400A6B1B6 /* Main.storyboard */ = {
			isa = PBXVariantGroup;
			children = (
				4D3798DD2109173400A6B1B6 /* Base */,
			);
			name = Main.storyboard;
			sourceTree = "<group>";
		};
		4D3798E42109173700A6B1B6 /* LaunchScreen.storyboard */ = {
			isa = PBXVariantGroup;
			children = (
				4D3798E52109173700A6B1B6 /* Base */,
			);
			name = LaunchScreen.storyboard;
			sourceTree = "<group>";
		};
/* End PBXVariantGroup section */

/* Begin XCBuildConfiguration section */
		4D3798F32109173700A6B1B6 /* Debug */ = {
			isa = XCBuildConfiguration;
			buildSettings = {
				ALWAYS_SEARCH_USER_PATHS = NO;
				CLANG_ANALYZER_NONNULL = YES;
				CLANG_ANALYZER_NUMBER_OBJECT_CONVERSION = YES_AGGRESSIVE;
				CLANG_CXX_LANGUAGE_STANDARD = "gnu++14";
				CLANG_CXX_LIBRARY = "libc++";
				CLANG_ENABLE_MODULES = YES;
				CLANG_ENABLE_OBJC_ARC = YES;
				CLANG_ENABLE_OBJC_WEAK = YES;
				CLANG_WARN_BLOCK_CAPTURE_AUTORELEASING = YES;
				CLANG_WARN_BOOL_CONVERSION = YES;
				CLANG_WARN_COMMA = YES;
				CLANG_WARN_CONSTANT_CONVERSION = YES;
				CLANG_WARN_DEPRECATED_OBJC_IMPLEMENTATIONS = YES;
				CLANG_WARN_DIRECT_OBJC_ISA_USAGE = YES_ERROR;
				CLANG_WARN_DOCUMENTATION_COMMENTS = YES;
				CLANG_WARN_EMPTY_BODY = YES;
				CLANG_WARN_ENUM_CONVERSION = YES;
				CLANG_WARN_INFINITE_RECURSION = YES;
				CLANG_WARN_INT_CONVERSION = YES;
				CLANG_WARN_NON_LITERAL_NULL_CONVERSION = YES;
				CLANG_WARN_OBJC_IMPLICIT_RETAIN_SELF = YES;
				CLANG_WARN_OBJC_LITERAL_CONVERSION = YES;
				CLANG_WARN_OBJC_ROOT_CLASS = YES_ERROR;
				CLANG_WARN_RANGE_LOOP_ANALYSIS = YES;
				CLANG_WARN_STRICT_PROTOTYPES = YES;
				CLANG_WARN_SUSPICIOUS_MOVE = YES;
				CLANG_WARN_UNGUARDED_AVAILABILITY = YES_AGGRESSIVE;
				CLANG_WARN_UNREACHABLE_CODE = YES;
				CLANG_WARN__DUPLICATE_METHOD_MATCH = YES;
				CODE_SIGN_IDENTITY = "iPhone Developer";
				COPY_PHASE_STRIP = NO;
				DEBUG_INFORMATION_FORMAT = dwarf;
				ENABLE_STRICT_OBJC_MSGSEND = YES;
				ENABLE_TESTABILITY = YES;
				GCC_C_LANGUAGE_STANDARD = gnu11;
				GCC_DYNAMIC_NO_PIC = NO;
				GCC_NO_COMMON_BLOCKS = YES;
				GCC_OPTIMIZATION_LEVEL = 0;
				GCC_PREPROCESSOR_DEFINITIONS = (
					"DEBUG=1",
					"$(inherited)",
				);
				GCC_WARN_64_TO_32_BIT_CONVERSION = YES;
				GCC_WARN_ABOUT_RETURN_TYPE = YES_ERROR;
				GCC_WARN_UNDECLARED_SELECTOR = YES;
				GCC_WARN_UNINITIALIZED_AUTOS = YES_AGGRESSIVE;
				GCC_WARN_UNUSED_FUNCTION = YES;
				GCC_WARN_UNUSED_VARIABLE = YES;
				IPHONEOS_DEPLOYMENT_TARGET = 11.4;
				MTL_ENABLE_DEBUG_INFO = YES;
				ONLY_ACTIVE_ARCH = YES;
				SDKROOT = iphoneos;
				SWIFT_ACTIVE_COMPILATION_CONDITIONS = DEBUG;
				SWIFT_OPTIMIZATION_LEVEL = "-Onone";
			};
			name = Debug;
		};
		4D3798F42109173700A6B1B6 /* Release */ = {
			isa = XCBuildConfiguration;
			buildSettings = {
				ALWAYS_SEARCH_USER_PATHS = NO;
				CLANG_ANALYZER_NONNULL = YES;
				CLANG_ANALYZER_NUMBER_OBJECT_CONVERSION = YES_AGGRESSIVE;
				CLANG_CXX_LANGUAGE_STANDARD = "gnu++14";
				CLANG_CXX_LIBRARY = "libc++";
				CLANG_ENABLE_MODULES = YES;
				CLANG_ENABLE_OBJC_ARC = YES;
				CLANG_ENABLE_OBJC_WEAK = YES;
				CLANG_WARN_BLOCK_CAPTURE_AUTORELEASING = YES;
				CLANG_WARN_BOOL_CONVERSION = YES;
				CLANG_WARN_COMMA = YES;
				CLANG_WARN_CONSTANT_CONVERSION = YES;
				CLANG_WARN_DEPRECATED_OBJC_IMPLEMENTATIONS = YES;
				CLANG_WARN_DIRECT_OBJC_ISA_USAGE = YES_ERROR;
				CLANG_WARN_DOCUMENTATION_COMMENTS = YES;
				CLANG_WARN_EMPTY_BODY = YES;
				CLANG_WARN_ENUM_CONVERSION = YES;
				CLANG_WARN_INFINITE_RECURSION = YES;
				CLANG_WARN_INT_CONVERSION = YES;
				CLANG_WARN_NON_LITERAL_NULL_CONVERSION = YES;
				CLANG_WARN_OBJC_IMPLICIT_RETAIN_SELF = YES;
				CLANG_WARN_OBJC_LITERAL_CONVERSION = YES;
				CLANG_WARN_OBJC_ROOT_CLASS = YES_ERROR;
				CLANG_WARN_RANGE_LOOP_ANALYSIS = YES;
				CLANG_WARN_STRICT_PROTOTYPES = YES;
				CLANG_WARN_SUSPICIOUS_MOVE = YES;
				CLANG_WARN_UNGUARDED_AVAILABILITY = YES_AGGRESSIVE;
				CLANG_WARN_UNREACHABLE_CODE = YES;
				CLANG_WARN__DUPLICATE_METHOD_MATCH = YES;
				CODE_SIGN_IDENTITY = "iPhone Developer";
				COPY_PHASE_STRIP = NO;
				DEBUG_INFORMATION_FORMAT = "dwarf-with-dsym";
				ENABLE_NS_ASSERTIONS = NO;
				ENABLE_STRICT_OBJC_MSGSEND = YES;
				GCC_C_LANGUAGE_STANDARD = gnu11;
				GCC_NO_COMMON_BLOCKS = YES;
				GCC_WARN_64_TO_32_BIT_CONVERSION = YES;
				GCC_WARN_ABOUT_RETURN_TYPE = YES_ERROR;
				GCC_WARN_UNDECLARED_SELECTOR = YES;
				GCC_WARN_UNINITIALIZED_AUTOS = YES_AGGRESSIVE;
				GCC_WARN_UNUSED_FUNCTION = YES;
				GCC_WARN_UNUSED_VARIABLE = YES;
				IPHONEOS_DEPLOYMENT_TARGET = 11.4;
				MTL_ENABLE_DEBUG_INFO = NO;
				SDKROOT = iphoneos;
				SWIFT_COMPILATION_MODE = wholemodule;
				SWIFT_OPTIMIZATION_LEVEL = "-O";
				VALIDATE_PRODUCT = YES;
			};
			name = Release;
		};
		4D3798F62109173700A6B1B6 /* Debug */ = {
			isa = XCBuildConfiguration;
			baseConfigurationReference = C8F9B062A8C506EFF17867B8 /* Pods-ProjectStash.debug.xcconfig */;
			buildSettings = {
				ASSETCATALOG_COMPILER_APPICON_NAME = AppIcon;
				CODE_SIGN_STYLE = Automatic;
				DEVELOPMENT_TEAM = 2YRMNUR4L7;
				INFOPLIST_FILE = ProjectStash/Info.plist;
				LD_RUNPATH_SEARCH_PATHS = (
					"$(inherited)",
					"@executable_path/Frameworks",
				);
				OTHER_LDFLAGS = (
					"$(inherited)",
					"-framework",
					"\"Alamofire\"",
					"-framework",
					"\"AlamofireImage\"",
					"-ObjC",
				);
				PRODUCT_BUNDLE_IDENTIFIER = NOC.ProjectStash;
				PRODUCT_NAME = "$(TARGET_NAME)";
				SWIFT_VERSION = 4.0;
				TARGETED_DEVICE_FAMILY = "1,2";
			};
			name = Debug;
		};
		4D3798F72109173700A6B1B6 /* Release */ = {
			isa = XCBuildConfiguration;
			baseConfigurationReference = A48D96BBAD125519FA6790BB /* Pods-ProjectStash.release.xcconfig */;
			buildSettings = {
				ASSETCATALOG_COMPILER_APPICON_NAME = AppIcon;
				CODE_SIGN_STYLE = Automatic;
				DEVELOPMENT_TEAM = 2YRMNUR4L7;
				INFOPLIST_FILE = ProjectStash/Info.plist;
				LD_RUNPATH_SEARCH_PATHS = (
					"$(inherited)",
					"@executable_path/Frameworks",
				);
				OTHER_LDFLAGS = (
					"$(inherited)",
					"-framework",
					"\"Alamofire\"",
					"-framework",
					"\"AlamofireImage\"",
					"-ObjC",
				);
				PRODUCT_BUNDLE_IDENTIFIER = NOC.ProjectStash;
				PRODUCT_NAME = "$(TARGET_NAME)";
				SWIFT_VERSION = 4.0;
				TARGETED_DEVICE_FAMILY = "1,2";
			};
			name = Release;
		};
		4D3798F92109173700A6B1B6 /* Debug */ = {
			isa = XCBuildConfiguration;
			baseConfigurationReference = B518DAC93D8806316C6156B0 /* Pods-ProjectStashTests.debug.xcconfig */;
			buildSettings = {
				ALWAYS_EMBED_SWIFT_STANDARD_LIBRARIES = YES;
				BUNDLE_LOADER = "$(TEST_HOST)";
				CODE_SIGN_STYLE = Automatic;
				DEVELOPMENT_TEAM = 2YRMNUR4L7;
				INFOPLIST_FILE = ProjectStashTests/Info.plist;
				LD_RUNPATH_SEARCH_PATHS = (
					"$(inherited)",
					"@executable_path/Frameworks",
					"@loader_path/Frameworks",
				);
				PRODUCT_BUNDLE_IDENTIFIER = NOC.ProjectStashTests;
				PRODUCT_NAME = "$(TARGET_NAME)";
				SWIFT_VERSION = 4.0;
				TARGETED_DEVICE_FAMILY = "1,2";
				TEST_HOST = "$(BUILT_PRODUCTS_DIR)/ProjectStash.app/ProjectStash";
			};
			name = Debug;
		};
		4D3798FA2109173700A6B1B6 /* Release */ = {
			isa = XCBuildConfiguration;
			baseConfigurationReference = 3201D2B6EE041B4FC6FD97E8 /* Pods-ProjectStashTests.release.xcconfig */;
			buildSettings = {
				ALWAYS_EMBED_SWIFT_STANDARD_LIBRARIES = YES;
				BUNDLE_LOADER = "$(TEST_HOST)";
				CODE_SIGN_STYLE = Automatic;
				DEVELOPMENT_TEAM = 2YRMNUR4L7;
				INFOPLIST_FILE = ProjectStashTests/Info.plist;
				LD_RUNPATH_SEARCH_PATHS = (
					"$(inherited)",
					"@executable_path/Frameworks",
					"@loader_path/Frameworks",
				);
				PRODUCT_BUNDLE_IDENTIFIER = NOC.ProjectStashTests;
				PRODUCT_NAME = "$(TARGET_NAME)";
				SWIFT_VERSION = 4.0;
				TARGETED_DEVICE_FAMILY = "1,2";
				TEST_HOST = "$(BUILT_PRODUCTS_DIR)/ProjectStash.app/ProjectStash";
			};
			name = Release;
		};
/* End XCBuildConfiguration section */

/* Begin XCConfigurationList section */
		4D3798D02109173400A6B1B6 /* Build configuration list for PBXProject "ProjectStash" */ = {
			isa = XCConfigurationList;
			buildConfigurations = (
				4D3798F32109173700A6B1B6 /* Debug */,
				4D3798F42109173700A6B1B6 /* Release */,
			);
			defaultConfigurationIsVisible = 0;
			defaultConfigurationName = Release;
		};
		4D3798F52109173700A6B1B6 /* Build configuration list for PBXNativeTarget "ProjectStash" */ = {
			isa = XCConfigurationList;
			buildConfigurations = (
				4D3798F62109173700A6B1B6 /* Debug */,
				4D3798F72109173700A6B1B6 /* Release */,
			);
			defaultConfigurationIsVisible = 0;
			defaultConfigurationName = Release;
		};
		4D3798F82109173700A6B1B6 /* Build configuration list for PBXNativeTarget "ProjectStashTests" */ = {
			isa = XCConfigurationList;
			buildConfigurations = (
				4D3798F92109173700A6B1B6 /* Debug */,
				4D3798FA2109173700A6B1B6 /* Release */,
			);
			defaultConfigurationIsVisible = 0;
			defaultConfigurationName = Release;
		};
/* End XCConfigurationList section */

/* Begin XCVersionGroup section */
		4D3798DF2109173400A6B1B6 /* ProjectStash.xcdatamodeld */ = {
			isa = XCVersionGroup;
			children = (
				4D2742492113C74500314F7E /* ProjectStash 3.xcdatamodel */,
				4D37996F2112433F00A6B1B6 /* ProjectStash 2.xcdatamodel */,
				4D3798E02109173400A6B1B6 /* ProjectStash.xcdatamodel */,
			);
			currentVersion = 4D2742492113C74500314F7E /* ProjectStash 3.xcdatamodel */;
			path = ProjectStash.xcdatamodeld;
			sourceTree = "<group>";
			versionGroupType = wrapper.xcdatamodel;
		};
/* End XCVersionGroup section */
	};
	rootObject = 4D3798CD2109173400A6B1B6 /* Project object */;
}
